// !$*UTF8*$!
{
	archiveVersion = 1;
	classes = {
	};
	objectVersion = 55;
	objects = {

/* Begin PBXBuildFile section */
		CA46C8442806BDB100CF1DAC /* CarPlayPrePickListOne.swift in Sources */ = {isa = PBXBuildFile; fileRef = CA46C8432806BDB100CF1DAC /* CarPlayPrePickListOne.swift */; };
		CA46C8462806BDC700CF1DAC /* CarPlayPrePickListTwo.swift in Sources */ = {isa = PBXBuildFile; fileRef = CA46C8452806BDC700CF1DAC /* CarPlayPrePickListTwo.swift */; };
		CA46C8482806BE5000CF1DAC /* CarPlayPrePickListTre.swift in Sources */ = {isa = PBXBuildFile; fileRef = CA46C8472806BE5000CF1DAC /* CarPlayPrePickListTre.swift */; };
		CA46C84B2806EDCA00CF1DAC /* CarPlayOverView.swift in Sources */ = {isa = PBXBuildFile; fileRef = CA46C84A2806EDCA00CF1DAC /* CarPlayOverView.swift */; };
		CA6A949627FB1373001C17F1 /* CarPlayGridTemp.swift in Sources */ = {isa = PBXBuildFile; fileRef = CA6A949527FB1373001C17F1 /* CarPlayGridTemp.swift */; };
		CA71DF9A28059EDB002AFFB6 /* CarPlayShiftDetaliScreen.swift in Sources */ = {isa = PBXBuildFile; fileRef = CA71DF9928059EDB002AFFB6 /* CarPlayShiftDetaliScreen.swift */; };
		CA71DF9F2805B266002AFFB6 /* CarPlayPreGrid.swift in Sources */ = {isa = PBXBuildFile; fileRef = CA71DF9E2805B266002AFFB6 /* CarPlayPreGrid.swift */; };
		CAA3F1CF27BD104D00B1188E /* ContentView.swift in Sources */ = {isa = PBXBuildFile; fileRef = CAA3F1CE27BD104D00B1188E /* ContentView.swift */; };
		CAA3F1D127BD104F00B1188E /* Assets.xcassets in Resources */ = {isa = PBXBuildFile; fileRef = CAA3F1D027BD104F00B1188E /* Assets.xcassets */; };
		CAA3F1D427BD104F00B1188E /* Preview Assets.xcassets in Resources */ = {isa = PBXBuildFile; fileRef = CAA3F1D327BD104F00B1188E /* Preview Assets.xcassets */; };
		CAA3F1DD27BD120A00B1188E /* CarPlaySceneDelegate.swift in Sources */ = {isa = PBXBuildFile; fileRef = CAA3F1DC27BD120A00B1188E /* CarPlaySceneDelegate.swift */; };
		CAA3F1DF27BD123700B1188E /* CarPlayTabScreen.swift in Sources */ = {isa = PBXBuildFile; fileRef = CAA3F1DE27BD123700B1188E /* CarPlayTabScreen.swift */; };
		CAA3F1E127BD124A00B1188E /* CarPlayPOIScreen.swift in Sources */ = {isa = PBXBuildFile; fileRef = CAA3F1E027BD124A00B1188E /* CarPlayPOIScreen.swift */; };
		CAA3F1E327BD127900B1188E /* CarPlayPreListDetaliScreen.swift in Sources */ = {isa = PBXBuildFile; fileRef = CAA3F1E227BD127900B1188E /* CarPlayPreListDetaliScreen.swift */; };
		CAA3F1E527BD129F00B1188E /* CarPlayListScreen2.swift in Sources */ = {isa = PBXBuildFile; fileRef = CAA3F1E427BD129F00B1188E /* CarPlayListScreen2.swift */; };
		CAA3F1E827BD12E800B1188E /* SceneDelegate.swift in Sources */ = {isa = PBXBuildFile; fileRef = CAA3F1E727BD12E800B1188E /* SceneDelegate.swift */; };
		CAA3F1EA27BD131400B1188E /* AppDelegate.swift in Sources */ = {isa = PBXBuildFile; fileRef = CAA3F1E927BD131400B1188E /* AppDelegate.swift */; };
		CAA3F1EC27BD13A300B1188E /* CarParkDetailScreen.swift in Sources */ = {isa = PBXBuildFile; fileRef = CAA3F1EB27BD13A300B1188E /* CarParkDetailScreen.swift */; };
		CAC224B5280433D8002026CA /* CarPlayBonusListOne.swift in Sources */ = {isa = PBXBuildFile; fileRef = CAC224B4280433D8002026CA /* CarPlayBonusListOne.swift */; };
		CAC224B7280441E1002026CA /* CarPlayBonusDetaliScreen.swift in Sources */ = {isa = PBXBuildFile; fileRef = CAC224B6280441E1002026CA /* CarPlayBonusDetaliScreen.swift */; };
/* End PBXBuildFile section */

/* Begin PBXFileReference section */
		CA46C8432806BDB100CF1DAC /* CarPlayPrePickListOne.swift */ = {isa = PBXFileReference; lastKnownFileType = sourcecode.swift; path = CarPlayPrePickListOne.swift; sourceTree = "<group>"; };
		CA46C8452806BDC700CF1DAC /* CarPlayPrePickListTwo.swift */ = {isa = PBXFileReference; lastKnownFileType = sourcecode.swift; path = CarPlayPrePickListTwo.swift; sourceTree = "<group>"; };
		CA46C8472806BE5000CF1DAC /* CarPlayPrePickListTre.swift */ = {isa = PBXFileReference; lastKnownFileType = sourcecode.swift; path = CarPlayPrePickListTre.swift; sourceTree = "<group>"; };
		CA46C84A2806EDCA00CF1DAC /* CarPlayOverView.swift */ = {isa = PBXFileReference; lastKnownFileType = sourcecode.swift; path = CarPlayOverView.swift; sourceTree = "<group>"; };
		CA6A949527FB1373001C17F1 /* CarPlayGridTemp.swift */ = {isa = PBXFileReference; lastKnownFileType = sourcecode.swift; path = CarPlayGridTemp.swift; sourceTree = "<group>"; };
		CA71DF9928059EDB002AFFB6 /* CarPlayShiftDetaliScreen.swift */ = {isa = PBXFileReference; lastKnownFileType = sourcecode.swift; path = CarPlayShiftDetaliScreen.swift; sourceTree = "<group>"; };
		CA71DF9E2805B266002AFFB6 /* CarPlayPreGrid.swift */ = {isa = PBXFileReference; lastKnownFileType = sourcecode.swift; path = CarPlayPreGrid.swift; sourceTree = "<group>"; };
		CAA3F1C927BD104D00B1188E /* ITFCP.app */ = {isa = PBXFileReference; explicitFileType = wrapper.application; includeInIndex = 0; path = ITFCP.app; sourceTree = BUILT_PRODUCTS_DIR; };
		CAA3F1CE27BD104D00B1188E /* ContentView.swift */ = {isa = PBXFileReference; lastKnownFileType = sourcecode.swift; path = ContentView.swift; sourceTree = "<group>"; };
		CAA3F1D027BD104F00B1188E /* Assets.xcassets */ = {isa = PBXFileReference; lastKnownFileType = folder.assetcatalog; path = Assets.xcassets; sourceTree = "<group>"; };
		CAA3F1D327BD104F00B1188E /* Preview Assets.xcassets */ = {isa = PBXFileReference; lastKnownFileType = folder.assetcatalog; path = "Preview Assets.xcassets"; sourceTree = "<group>"; };
		CAA3F1DA27BD108200B1188E /* ITFCP.entitlements */ = {isa = PBXFileReference; lastKnownFileType = text.plist.entitlements; path = ITFCP.entitlements; sourceTree = "<group>"; };
		CAA3F1DC27BD120A00B1188E /* CarPlaySceneDelegate.swift */ = {isa = PBXFileReference; lastKnownFileType = sourcecode.swift; path = CarPlaySceneDelegate.swift; sourceTree = "<group>"; };
		CAA3F1DE27BD123700B1188E /* CarPlayTabScreen.swift */ = {isa = PBXFileReference; lastKnownFileType = sourcecode.swift; path = CarPlayTabScreen.swift; sourceTree = "<group>"; };
		CAA3F1E027BD124A00B1188E /* CarPlayPOIScreen.swift */ = {isa = PBXFileReference; lastKnownFileType = sourcecode.swift; path = CarPlayPOIScreen.swift; sourceTree = "<group>"; };
		CAA3F1E227BD127900B1188E /* CarPlayPreListDetaliScreen.swift */ = {isa = PBXFileReference; lastKnownFileType = sourcecode.swift; path = CarPlayPreListDetaliScreen.swift; sourceTree = "<group>"; };
		CAA3F1E427BD129F00B1188E /* CarPlayListScreen2.swift */ = {isa = PBXFileReference; lastKnownFileType = sourcecode.swift; path = CarPlayListScreen2.swift; sourceTree = "<group>"; };
		CAA3F1E727BD12E800B1188E /* SceneDelegate.swift */ = {isa = PBXFileReference; lastKnownFileType = sourcecode.swift; path = SceneDelegate.swift; sourceTree = "<group>"; };
		CAA3F1E927BD131400B1188E /* AppDelegate.swift */ = {isa = PBXFileReference; lastKnownFileType = sourcecode.swift; path = AppDelegate.swift; sourceTree = "<group>"; };
		CAA3F1EB27BD13A300B1188E /* CarParkDetailScreen.swift */ = {isa = PBXFileReference; lastKnownFileType = sourcecode.swift; path = CarParkDetailScreen.swift; sourceTree = "<group>"; };
		CAC224B4280433D8002026CA /* CarPlayBonusListOne.swift */ = {isa = PBXFileReference; lastKnownFileType = sourcecode.swift; path = CarPlayBonusListOne.swift; sourceTree = "<group>"; };
		CAC224B6280441E1002026CA /* CarPlayBonusDetaliScreen.swift */ = {isa = PBXFileReference; lastKnownFileType = sourcecode.swift; path = CarPlayBonusDetaliScreen.swift; sourceTree = "<group>"; };
/* End PBXFileReference section */

/* Begin PBXFrameworksBuildPhase section */
		CAA3F1C627BD104D00B1188E /* Frameworks */ = {
			isa = PBXFrameworksBuildPhase;
			buildActionMask = 2147483647;
			files = (
			);
			runOnlyForDeploymentPostprocessing = 0;
		};
/* End PBXFrameworksBuildPhase section */

/* Begin PBXGroup section */
		CA46C8402806BCED00CF1DAC /* CarPlayGrids */ = {
			isa = PBXGroup;
			children = (
				CA6A949527FB1373001C17F1 /* CarPlayGridTemp.swift */,
				CA71DF9E2805B266002AFFB6 /* CarPlayPreGrid.swift */,
			);
			path = CarPlayGrids;
			sourceTree = "<group>";
		};
		CA46C8412806BD4800CF1DAC /* CarPlayBonusSys */ = {
			isa = PBXGroup;
			children = (
				CA71DF9928059EDB002AFFB6 /* CarPlayShiftDetaliScreen.swift */,
				CAC224B6280441E1002026CA /* CarPlayBonusDetaliScreen.swift */,
			);
			path = CarPlayBonusSys;
			sourceTree = "<group>";
		};
		CA46C8422806BD8300CF1DAC /* CarPlayPreListPick */ = {
			isa = PBXGroup;
			children = (
				CA46C8432806BDB100CF1DAC /* CarPlayPrePickListOne.swift */,
				CA46C8452806BDC700CF1DAC /* CarPlayPrePickListTwo.swift */,
				CA46C8472806BE5000CF1DAC /* CarPlayPrePickListTre.swift */,
			);
			path = CarPlayPreListPick;
			sourceTree = "<group>";
		};
		CA46C8492806EDAA00CF1DAC /* OverView */ = {
			isa = PBXGroup;
			children = (
				CA46C84A2806EDCA00CF1DAC /* CarPlayOverView.swift */,
			);
			path = OverView;
			sourceTree = "<group>";
		};
		CA71DF9B2805AD8D002AFFB6 /* CarPlayScreens */ = {
			isa = PBXGroup;
			children = (
				CAA3F1E427BD129F00B1188E /* CarPlayListScreen2.swift */,
				CAA3F1E227BD127900B1188E /* CarPlayPreListDetaliScreen.swift */,
				CAA3F1EB27BD13A300B1188E /* CarParkDetailScreen.swift */,
				CAA3F1E027BD124A00B1188E /* CarPlayPOIScreen.swift */,
				CAA3F1DE27BD123700B1188E /* CarPlayTabScreen.swift */,
			);
			path = CarPlayScreens;
			sourceTree = "<group>";
		};
		CAA3F1C027BD104D00B1188E = {
			isa = PBXGroup;
			children = (
				CAA3F1CB27BD104D00B1188E /* ITFCP */,
				CAA3F1CA27BD104D00B1188E /* Products */,
			);
			sourceTree = "<group>";
		};
		CAA3F1CA27BD104D00B1188E /* Products */ = {
			isa = PBXGroup;
			children = (
				CAA3F1C927BD104D00B1188E /* ITFCP.app */,
			);
			name = Products;
			sourceTree = "<group>";
		};
		CAA3F1CB27BD104D00B1188E /* ITFCP */ = {
			isa = PBXGroup;
			children = (
				CAA3F1DB27BD11EE00B1188E /* CP */,
				CAA3F1E627BD12C800B1188E /* Phone */,
				CAA3F1E727BD12E800B1188E /* SceneDelegate.swift */,
				CAA3F1E927BD131400B1188E /* AppDelegate.swift */,
				CAA3F1D027BD104F00B1188E /* Assets.xcassets */,
				CAA3F1DA27BD108200B1188E /* ITFCP.entitlements */,
				CAA3F1D227BD104F00B1188E /* Preview Content */,
			);
			path = ITFCP;
			sourceTree = "<group>";
		};
		CAA3F1D227BD104F00B1188E /* Preview Content */ = {
			isa = PBXGroup;
			children = (
				CAA3F1D327BD104F00B1188E /* Preview Assets.xcassets */,
			);
			path = "Preview Content";
			sourceTree = "<group>";
		};
		CAA3F1DB27BD11EE00B1188E /* CP */ = {
			isa = PBXGroup;
			children = (
				CA46C8492806EDAA00CF1DAC /* OverView */,
				CA46C8422806BD8300CF1DAC /* CarPlayPreListPick */,
				CA46C8412806BD4800CF1DAC /* CarPlayBonusSys */,
				CA46C8402806BCED00CF1DAC /* CarPlayGrids */,
				CA71DF9B2805AD8D002AFFB6 /* CarPlayScreens */,
				CAA3F1DC27BD120A00B1188E /* CarPlaySceneDelegate.swift */,
				CAC224B4280433D8002026CA /* CarPlayBonusListOne.swift */,
			);
			path = CP;
			sourceTree = "<group>";
		};
		CAA3F1E627BD12C800B1188E /* Phone */ = {
			isa = PBXGroup;
			children = (
				CAA3F1CE27BD104D00B1188E /* ContentView.swift */,
			);
			path = Phone;
			sourceTree = "<group>";
		};
/* End PBXGroup section */

/* Begin PBXNativeTarget section */
		CAA3F1C827BD104D00B1188E /* ITFCP */ = {
			isa = PBXNativeTarget;
			buildConfigurationList = CAA3F1D727BD104F00B1188E /* Build configuration list for PBXNativeTarget "ITFCP" */;
			buildPhases = (
				CAA3F1C527BD104D00B1188E /* Sources */,
				CAA3F1C627BD104D00B1188E /* Frameworks */,
				CAA3F1C727BD104D00B1188E /* Resources */,
			);
			buildRules = (
			);
			dependencies = (
			);
			name = ITFCP;
			productName = ITFCP;
			productReference = CAA3F1C927BD104D00B1188E /* ITFCP.app */;
			productType = "com.apple.product-type.application";
		};
/* End PBXNativeTarget section */

/* Begin PBXProject section */
		CAA3F1C127BD104D00B1188E /* Project object */ = {
			isa = PBXProject;
			attributes = {
				BuildIndependentTargetsInParallel = 1;
				LastSwiftUpdateCheck = 1310;
				LastUpgradeCheck = 1310;
				TargetAttributes = {
					CAA3F1C827BD104D00B1188E = {
						CreatedOnToolsVersion = 13.1;
					};
				};
			};
			buildConfigurationList = CAA3F1C427BD104D00B1188E /* Build configuration list for PBXProject "ITFCP" */;
			compatibilityVersion = "Xcode 13.0";
			developmentRegion = en;
			hasScannedForEncodings = 0;
			knownRegions = (
				en,
				Base,
			);
			mainGroup = CAA3F1C027BD104D00B1188E;
			productRefGroup = CAA3F1CA27BD104D00B1188E /* Products */;
			projectDirPath = "";
			projectRoot = "";
			targets = (
				CAA3F1C827BD104D00B1188E /* ITFCP */,
			);
		};
/* End PBXProject section */

/* Begin PBXResourcesBuildPhase section */
		CAA3F1C727BD104D00B1188E /* Resources */ = {
			isa = PBXResourcesBuildPhase;
			buildActionMask = 2147483647;
			files = (
				CAA3F1D427BD104F00B1188E /* Preview Assets.xcassets in Resources */,
				CAA3F1D127BD104F00B1188E /* Assets.xcassets in Resources */,
			);
			runOnlyForDeploymentPostprocessing = 0;
		};
/* End PBXResourcesBuildPhase section */

/* Begin PBXSourcesBuildPhase section */
		CAA3F1C527BD104D00B1188E /* Sources */ = {
			isa = PBXSourcesBuildPhase;
			buildActionMask = 2147483647;
			files = (
				CA6A949627FB1373001C17F1 /* CarPlayGridTemp.swift in Sources */,
				CAA3F1E127BD124A00B1188E /* CarPlayPOIScreen.swift in Sources */,
				CA71DF9F2805B266002AFFB6 /* CarPlayPreGrid.swift in Sources */,
				CAC224B7280441E1002026CA /* CarPlayBonusDetaliScreen.swift in Sources */,
				CAA3F1E527BD129F00B1188E /* CarPlayListScreen2.swift in Sources */,
				CA46C8442806BDB100CF1DAC /* CarPlayPrePickListOne.swift in Sources */,
				CA46C8462806BDC700CF1DAC /* CarPlayPrePickListTwo.swift in Sources */,
				CA46C84B2806EDCA00CF1DAC /* CarPlayOverView.swift in Sources */,
				CAA3F1DF27BD123700B1188E /* CarPlayTabScreen.swift in Sources */,
				CAC224B5280433D8002026CA /* CarPlayBonusListOne.swift in Sources */,
				CA46C8482806BE5000CF1DAC /* CarPlayPrePickListTre.swift in Sources */,
				CAA3F1EC27BD13A300B1188E /* CarParkDetailScreen.swift in Sources */,
				CAA3F1EA27BD131400B1188E /* AppDelegate.swift in Sources */,
				CAA3F1E327BD127900B1188E /* CarPlayPreListDetaliScreen.swift in Sources */,
				CAA3F1CF27BD104D00B1188E /* ContentView.swift in Sources */,
				CAA3F1DD27BD120A00B1188E /* CarPlaySceneDelegate.swift in Sources */,
				CAA3F1E827BD12E800B1188E /* SceneDelegate.swift in Sources */,
				CA71DF9A28059EDB002AFFB6 /* CarPlayShiftDetaliScreen.swift in Sources */,
			);
			runOnlyForDeploymentPostprocessing = 0;
		};
/* End PBXSourcesBuildPhase section */

/* Begin XCBuildConfiguration section */
		CAA3F1D527BD104F00B1188E /* Debug */ = {
			isa = XCBuildConfiguration;
			buildSettings = {
				ALWAYS_SEARCH_USER_PATHS = NO;
				CLANG_ANALYZER_NONNULL = YES;
				CLANG_ANALYZER_NUMBER_OBJECT_CONVERSION = YES_AGGRESSIVE;
				CLANG_CXX_LANGUAGE_STANDARD = "gnu++17";
				CLANG_CXX_LIBRARY = "libc++";
				CLANG_ENABLE_MODULES = YES;
				CLANG_ENABLE_OBJC_ARC = YES;
				CLANG_ENABLE_OBJC_WEAK = YES;
				CLANG_WARN_BLOCK_CAPTURE_AUTORELEASING = YES;
				CLANG_WARN_BOOL_CONVERSION = YES;
				CLANG_WARN_COMMA = YES;
				CLANG_WARN_CONSTANT_CONVERSION = YES;
				CLANG_WARN_DEPRECATED_OBJC_IMPLEMENTATIONS = YES;
				CLANG_WARN_DIRECT_OBJC_ISA_USAGE = YES_ERROR;
				CLANG_WARN_DOCUMENTATION_COMMENTS = YES;
				CLANG_WARN_EMPTY_BODY = YES;
				CLANG_WARN_ENUM_CONVERSION = YES;
				CLANG_WARN_INFINITE_RECURSION = YES;
				CLANG_WARN_INT_CONVERSION = YES;
				CLANG_WARN_NON_LITERAL_NULL_CONVERSION = YES;
				CLANG_WARN_OBJC_IMPLICIT_RETAIN_SELF = YES;
				CLANG_WARN_OBJC_LITERAL_CONVERSION = YES;
				CLANG_WARN_OBJC_ROOT_CLASS = YES_ERROR;
				CLANG_WARN_QUOTED_INCLUDE_IN_FRAMEWORK_HEADER = YES;
				CLANG_WARN_RANGE_LOOP_ANALYSIS = YES;
				CLANG_WARN_STRICT_PROTOTYPES = YES;
				CLANG_WARN_SUSPICIOUS_MOVE = YES;
				CLANG_WARN_UNGUARDED_AVAILABILITY = YES_AGGRESSIVE;
				CLANG_WARN_UNREACHABLE_CODE = YES;
				CLANG_WARN__DUPLICATE_METHOD_MATCH = YES;
				COPY_PHASE_STRIP = NO;
				DEBUG_INFORMATION_FORMAT = dwarf;
				ENABLE_STRICT_OBJC_MSGSEND = YES;
				ENABLE_TESTABILITY = YES;
				GCC_C_LANGUAGE_STANDARD = gnu11;
				GCC_DYNAMIC_NO_PIC = NO;
				GCC_NO_COMMON_BLOCKS = YES;
				GCC_OPTIMIZATION_LEVEL = 0;
				GCC_PREPROCESSOR_DEFINITIONS = (
					"DEBUG=1",
					"$(inherited)",
				);
				GCC_WARN_64_TO_32_BIT_CONVERSION = YES;
				GCC_WARN_ABOUT_RETURN_TYPE = YES_ERROR;
				GCC_WARN_UNDECLARED_SELECTOR = YES;
				GCC_WARN_UNINITIALIZED_AUTOS = YES_AGGRESSIVE;
				GCC_WARN_UNUSED_FUNCTION = YES;
				GCC_WARN_UNUSED_VARIABLE = YES;
				IPHONEOS_DEPLOYMENT_TARGET = 15.0;
				MTL_ENABLE_DEBUG_INFO = INCLUDE_SOURCE;
				MTL_FAST_MATH = YES;
				ONLY_ACTIVE_ARCH = YES;
				SDKROOT = iphoneos;
				SWIFT_ACTIVE_COMPILATION_CONDITIONS = DEBUG;
				SWIFT_OPTIMIZATION_LEVEL = "-Onone";
			};
			name = Debug;
		};
		CAA3F1D627BD104F00B1188E /* Release */ = {
			isa = XCBuildConfiguration;
			buildSettings = {
				ALWAYS_SEARCH_USER_PATHS = NO;
				CLANG_ANALYZER_NONNULL = YES;
				CLANG_ANALYZER_NUMBER_OBJECT_CONVERSION = YES_AGGRESSIVE;
				CLANG_CXX_LANGUAGE_STANDARD = "gnu++17";
				CLANG_CXX_LIBRARY = "libc++";
				CLANG_ENABLE_MODULES = YES;
				CLANG_ENABLE_OBJC_ARC = YES;
				CLANG_ENABLE_OBJC_WEAK = YES;
				CLANG_WARN_BLOCK_CAPTURE_AUTORELEASING = YES;
				CLANG_WARN_BOOL_CONVERSION = YES;
				CLANG_WARN_COMMA = YES;
				CLANG_WARN_CONSTANT_CONVERSION = YES;
				CLANG_WARN_DEPRECATED_OBJC_IMPLEMENTATIONS = YES;
				CLANG_WARN_DIRECT_OBJC_ISA_USAGE = YES_ERROR;
				CLANG_WARN_DOCUMENTATION_COMMENTS = YES;
				CLANG_WARN_EMPTY_BODY = YES;
				CLANG_WARN_ENUM_CONVERSION = YES;
				CLANG_WARN_INFINITE_RECURSION = YES;
				CLANG_WARN_INT_CONVERSION = YES;
				CLANG_WARN_NON_LITERAL_NULL_CONVERSION = YES;
				CLANG_WARN_OBJC_IMPLICIT_RETAIN_SELF = YES;
				CLANG_WARN_OBJC_LITERAL_CONVERSION = YES;
				CLANG_WARN_OBJC_ROOT_CLASS = YES_ERROR;
				CLANG_WARN_QUOTED_INCLUDE_IN_FRAMEWORK_HEADER = YES;
				CLANG_WARN_RANGE_LOOP_ANALYSIS = YES;
				CLANG_WARN_STRICT_PROTOTYPES = YES;
				CLANG_WARN_SUSPICIOUS_MOVE = YES;
				CLANG_WARN_UNGUARDED_AVAILABILITY = YES_AGGRESSIVE;
				CLANG_WARN_UNREACHABLE_CODE = YES;
				CLANG_WARN__DUPLICATE_METHOD_MATCH = YES;
				COPY_PHASE_STRIP = NO;
				DEBUG_INFORMATION_FORMAT = "dwarf-with-dsym";
				ENABLE_NS_ASSERTIONS = NO;
				ENABLE_STRICT_OBJC_MSGSEND = YES;
				GCC_C_LANGUAGE_STANDARD = gnu11;
				GCC_NO_COMMON_BLOCKS = YES;
				GCC_WARN_64_TO_32_BIT_CONVERSION = YES;
				GCC_WARN_ABOUT_RETURN_TYPE = YES_ERROR;
				GCC_WARN_UNDECLARED_SELECTOR = YES;
				GCC_WARN_UNINITIALIZED_AUTOS = YES_AGGRESSIVE;
				GCC_WARN_UNUSED_FUNCTION = YES;
				GCC_WARN_UNUSED_VARIABLE = YES;
				IPHONEOS_DEPLOYMENT_TARGET = 15.0;
				MTL_ENABLE_DEBUG_INFO = NO;
				MTL_FAST_MATH = YES;
				SDKROOT = iphoneos;
				SWIFT_COMPILATION_MODE = wholemodule;
				SWIFT_OPTIMIZATION_LEVEL = "-O";
				VALIDATE_PRODUCT = YES;
			};
			name = Release;
		};
		CAA3F1D827BD104F00B1188E /* Debug */ = {
			isa = XCBuildConfiguration;
			buildSettings = {
				ASSETCATALOG_COMPILER_APPICON_NAME = AppIcon;
				ASSETCATALOG_COMPILER_GLOBAL_ACCENT_COLOR_NAME = AccentColor;
				CODE_SIGN_ENTITLEMENTS = ITFCP/ITFCP.entitlements;
				CODE_SIGN_STYLE = Automatic;
				CURRENT_PROJECT_VERSION = 1;
				DEVELOPMENT_ASSET_PATHS = "\"ITFCP/Preview Content\"";
				DEVELOPMENT_TEAM = 4546F46RW7;
				ENABLE_PREVIEWS = YES;
				GENERATE_INFOPLIST_FILE = YES;
				INFOPLIST_KEY_UIApplicationSceneManifest_Generation = YES;
				INFOPLIST_KEY_UIApplicationSupportsIndirectInputEvents = YES;
				INFOPLIST_KEY_UILaunchScreen_Generation = YES;
				INFOPLIST_KEY_UISupportedInterfaceOrientations_iPad = "UIInterfaceOrientationPortrait UIInterfaceOrientationPortraitUpsideDown UIInterfaceOrientationLandscapeLeft UIInterfaceOrientationLandscapeRight";
				INFOPLIST_KEY_UISupportedInterfaceOrientations_iPhone = "UIInterfaceOrientationPortrait UIInterfaceOrientationLandscapeLeft UIInterfaceOrientationLandscapeRight";
				LD_RUNPATH_SEARCH_PATHS = (
					"$(inherited)",
					"@executable_path/Frameworks",
				);
				MARKETING_VERSION = 1.0;
				PRODUCT_BUNDLE_IDENTIFIER = GS.ITFCP;
				PRODUCT_NAME = "$(TARGET_NAME)";
				SWIFT_EMIT_LOC_STRINGS = YES;
				SWIFT_VERSION = 5.0;
				TARGETED_DEVICE_FAMILY = "1,2";
			};
			name = Debug;
		};
		CAA3F1D927BD104F00B1188E /* Release */ = {
			isa = XCBuildConfiguration;
			buildSettings = {
				ASSETCATALOG_COMPILER_APPICON_NAME = AppIcon;
				ASSETCATALOG_COMPILER_GLOBAL_ACCENT_COLOR_NAME = AccentColor;
				CODE_SIGN_ENTITLEMENTS = ITFCP/ITFCP.entitlements;
				CODE_SIGN_STYLE = Automatic;
				CURRENT_PROJECT_VERSION = 1;
				DEVELOPMENT_ASSET_PATHS = "\"ITFCP/Preview Content\"";
				DEVELOPMENT_TEAM = 4546F46RW7;
				ENABLE_PREVIEWS = YES;
				GENERATE_INFOPLIST_FILE = YES;
				INFOPLIST_KEY_UIApplicationSceneManifest_Generation = YES;
				INFOPLIST_KEY_UIApplicationSupportsIndirectInputEvents = YES;
				INFOPLIST_KEY_UILaunchScreen_Generation = YES;
				INFOPLIST_KEY_UISupportedInterfaceOrientations_iPad = "UIInterfaceOrientationPortrait UIInterfaceOrientationPortraitUpsideDown UIInterfaceOrientationLandscapeLeft UIInterfaceOrientationLandscapeRight";
				INFOPLIST_KEY_UISupportedInterfaceOrientations_iPhone = "UIInterfaceOrientationPortrait UIInterfaceOrientationLandscapeLeft UIInterfaceOrientationLandscapeRight";
				LD_RUNPATH_SEARCH_PATHS = (
					"$(inherited)",
					"@executable_path/Frameworks",
				);
				MARKETING_VERSION = 1.0;
				PRODUCT_BUNDLE_IDENTIFIER = GS.ITFCP;
				PRODUCT_NAME = "$(TARGET_NAME)";
				SWIFT_EMIT_LOC_STRINGS = YES;
				SWIFT_VERSION = 5.0;
				TARGETED_DEVICE_FAMILY = "1,2";
			};
			name = Release;
		};
/* End XCBuildConfiguration section */

/* Begin XCConfigurationList section */
		CAA3F1C427BD104D00B1188E /* Build configuration list for PBXProject "ITFCP" */ = {
			isa = XCConfigurationList;
			buildConfigurations = (
				CAA3F1D527BD104F00B1188E /* Debug */,
				CAA3F1D627BD104F00B1188E /* Release */,
			);
			defaultConfigurationIsVisible = 0;
			defaultConfigurationName = Release;
		};
		CAA3F1D727BD104F00B1188E /* Build configuration list for PBXNativeTarget "ITFCP" */ = {
			isa = XCConfigurationList;
			buildConfigurations = (
				CAA3F1D827BD104F00B1188E /* Debug */,
				CAA3F1D927BD104F00B1188E /* Release */,
			);
			defaultConfigurationIsVisible = 0;
			defaultConfigurationName = Release;
		};
/* End XCConfigurationList section */
	};
	rootObject = CAA3F1C127BD104D00B1188E /* Project object */;
}
